
Microsoft Visual Studio Solution File, Format Version 12.00
# Visual Studio Version 17
VisualStudioVersion = 17.0.31903.59
MinimumVisualStudioVersion = 10.0.40219.1
Project("{9A19103F-16F7-4668-BE54-9A1E7A4F7556}") = "Free1X2", "Free1X2\Free1X2.csproj", "{0586CBCE-A99A-4FD2-B146-D3CFCD3CD810}"
EndProject
Project("{FAE04EC0-301F-11D3-BF4B-00C04F79EFBC}") = "Free1X2.Shared", "Free1X2.Shared\Free1X2.Shared.csproj", "{E7C4C341-28C2-442C-AA74-EB9AC711FB52}"
EndProject
Project("{FAE04EC0-301F-11D3-BF4B-00C04F79EFBC}") = "Free1X2.WebAPI", "Free1X2.WebAPI\Free1X2.WebAPI.csproj", "{2D8FDDCA-B99A-4633-85FE-E66D71059D61}"
EndProject
Global
	GlobalSection(SolutionConfigurationPlatforms) = preSolution
		Debug|Any CPU = Debug|Any CPU
		Debug|x64 = Debug|x64
		Debug|x86 = Debug|x86
		Release|Any CPU = Release|Any CPU
		Release|x64 = Release|x64
		Release|x86 = Release|x86
	EndGlobalSection
	GlobalSection(ProjectConfigurationPlatforms) = postSolution
		{0586CBCE-A99A-4FD2-B146-D3CFCD3CD810}.Debug|Any CPU.ActiveCfg = Debug|Any CPU
		{0586CBCE-A99A-4FD2-B146-D3CFCD3CD810}.Debug|Any CPU.Build.0 = Debug|Any CPU
		{0586CBCE-A99A-4FD2-B146-D3CFCD3CD810}.Debug|x64.ActiveCfg = Debug|Any CPU
		{0586CBCE-A99A-4FD2-B146-D3CFCD3CD810}.Debug|x64.Build.0 = Debug|Any CPU
		{0586CBCE-A99A-4FD2-B146-D3CFCD3CD810}.Debug|x86.ActiveCfg = Debug|Any CPU
		{0586CBCE-A99A-4FD2-B146-D3CFCD3CD810}.Debug|x86.Build.0 = Debug|Any CPU
		{0586CBCE-A99A-4FD2-B146-D3CFCD3CD810}.Release|Any CPU.ActiveCfg = Release|Any CPU
		{0586CBCE-A99A-4FD2-B146-D3CFCD3CD810}.Release|Any CPU.Build.0 = Release|Any CPU
		{0586CBCE-A99A-4FD2-B146-D3CFCD3CD810}.Release|x64.ActiveCfg = Release|Any CPU
		{0586CBCE-A99A-4FD2-B146-D3CFCD3CD810}.Release|x64.Build.0 = Release|Any CPU
		{0586CBCE-A99A-4FD2-B146-D3CFCD3CD810}.Release|x86.ActiveCfg = Release|Any CPU
		{0586CBCE-A99A-4FD2-B146-D3CFCD3CD810}.Release|x86.Build.0 = Release|Any CPU
		{E7C4C341-28C2-442C-AA74-EB9AC711FB52}.Debug|Any CPU.ActiveCfg = Debug|Any CPU
		{E7C4C341-28C2-442C-AA74-EB9AC711FB52}.Debug|Any CPU.Build.0 = Debug|Any CPU
		{E7C4C341-28C2-442C-AA74-EB9AC711FB52}.Debug|x64.ActiveCfg = Debug|Any CPU
		{E7C4C341-28C2-442C-AA74-EB9AC711FB52}.Debug|x64.Build.0 = Debug|Any CPU
		{E7C4C341-28C2-442C-AA74-EB9AC711FB52}.Debug|x86.ActiveCfg = Debug|Any CPU
		{E7C4C341-28C2-442C-AA74-EB9AC711FB52}.Debug|x86.Build.0 = Debug|Any CPU
		{E7C4C341-28C2-442C-AA74-EB9AC711FB52}.Release|Any CPU.ActiveCfg = Release|Any CPU
		{E7C4C341-28C2-442C-AA74-EB9AC711FB52}.Release|Any CPU.Build.0 = Release|Any CPU
		{E7C4C341-28C2-442C-AA74-EB9AC711FB52}.Release|x64.ActiveCfg = Release|Any CPU
		{E7C4C341-28C2-442C-AA74-EB9AC711FB52}.Release|x64.Build.0 = Release|Any CPU
		{E7C4C341-28C2-442C-AA74-EB9AC711FB52}.Release|x86.ActiveCfg = Release|Any CPU
		{E7C4C341-28C2-442C-AA74-EB9AC711FB52}.Release|x86.Build.0 = Release|Any CPU
		{2D8FDDCA-B99A-4633-85FE-E66D71059D61}.Debug|Any CPU.ActiveCfg = Debug|Any CPU
		{2D8FDDCA-B99A-4633-85FE-E66D71059D61}.Debug|Any CPU.Build.0 = Debug|Any CPU
		{2D8FDDCA-B99A-4633-85FE-E66D71059D61}.Debug|x64.ActiveCfg = Debug|Any CPU
		{2D8FDDCA-B99A-4633-85FE-E66D71059D61}.Debug|x64.Build.0 = Debug|Any CPU
		{2D8FDDCA-B99A-4633-85FE-E66D71059D61}.Debug|x86.ActiveCfg = Debug|Any CPU
		{2D8FDDCA-B99A-4633-85FE-E66D71059D61}.Debug|x86.Build.0 = Debug|Any CPU
		{2D8FDDCA-B99A-4633-85FE-E66D71059D61}.Release|Any CPU.ActiveCfg = Release|Any CPU
		{2D8FDDCA-B99A-4633-85FE-E66D71059D61}.Release|Any CPU.Build.0 = Release|Any CPU
		{2D8FDDCA-B99A-4633-85FE-E66D71059D61}.Release|x64.ActiveCfg = Release|Any CPU
		{2D8FDDCA-B99A-4633-85FE-E66D71059D61}.Release|x64.Build.0 = Release|Any CPU
		{2D8FDDCA-B99A-4633-85FE-E66D71059D61}.Release|x86.ActiveCfg = Release|Any CPU
		{2D8FDDCA-B99A-4633-85FE-E66D71059D61}.Release|x86.Build.0 = Release|Any CPU
	EndGlobalSection
	GlobalSection(SolutionProperties) = preSolution
		HideSolutionNode = FALSE
	EndGlobalSection
EndGlobal
