
Microsoft Visual Studio Solution File, Format Version 12.00
# Visual Studio Version 17
VisualStudioVersion = 17.0.31903.59
MinimumVisualStudioVersion = 10.0.40219.1
Project("{9A19103F-16F7-4668-BE54-9A1E7A4F7556}") = "Free1X2", "Free1X2\Free1X2.csproj", "{0586CBCE-A99A-4FD2-B146-D3CFCD3CD810}"
EndProject
Project("{FAE04EC0-301F-11D3-BF4B-00C04F79EFBC}") = "Free1X2.Domain", "Free1X2.Domain\Free1X2.Domain.csproj", "{8364BF22-7779-49C0-BD60-36BEEDFDCA16}"
EndProject
Project("{FAE04EC0-301F-11D3-BF4B-00C04F79EFBC}") = "Free1X2.Domain.Tests", "Free1X2.Domain.Tests\Free1X2.Domain.Tests.csproj", "{7E389825-EBB9-4121-B84B-B6FFEA534983}"
EndProject
Project("{FAE04EC0-301F-11D3-BF4B-00C04F79EFBC}") = "Free1X2.WinUI", "Free1X2.WinUI\Free1X2.WinUI.csproj", "{32CAFA33-4BD2-4891-BD26-0327953C0C9A}"
EndProject
Global
	GlobalSection(SolutionConfigurationPlatforms) = preSolution
		Debug|Any CPU = Debug|Any CPU
		Debug|x64 = Debug|x64
		Debug|x86 = Debug|x86
		Release|Any CPU = Release|Any CPU
		Release|x64 = Release|x64
		Release|x86 = Release|x86
	EndGlobalSection
	GlobalSection(ProjectConfigurationPlatforms) = postSolution
		{0586CBCE-A99A-4FD2-B146-D3CFCD3CD810}.Debug|Any CPU.ActiveCfg = Debug|Any CPU
		{0586CBCE-A99A-4FD2-B146-D3CFCD3CD810}.Debug|Any CPU.Build.0 = Debug|Any CPU
		{0586CBCE-A99A-4FD2-B146-D3CFCD3CD810}.Debug|x64.ActiveCfg = Debug|Any CPU
		{0586CBCE-A99A-4FD2-B146-D3CFCD3CD810}.Debug|x64.Build.0 = Debug|Any CPU
		{0586CBCE-A99A-4FD2-B146-D3CFCD3CD810}.Debug|x86.ActiveCfg = Debug|Any CPU
		{0586CBCE-A99A-4FD2-B146-D3CFCD3CD810}.Debug|x86.Build.0 = Debug|Any CPU
		{0586CBCE-A99A-4FD2-B146-D3CFCD3CD810}.Release|Any CPU.ActiveCfg = Release|Any CPU
		{0586CBCE-A99A-4FD2-B146-D3CFCD3CD810}.Release|Any CPU.Build.0 = Release|Any CPU
		{0586CBCE-A99A-4FD2-B146-D3CFCD3CD810}.Release|x64.ActiveCfg = Release|Any CPU
		{0586CBCE-A99A-4FD2-B146-D3CFCD3CD810}.Release|x64.Build.0 = Release|Any CPU
		{0586CBCE-A99A-4FD2-B146-D3CFCD3CD810}.Release|x86.ActiveCfg = Release|Any CPU
		{0586CBCE-A99A-4FD2-B146-D3CFCD3CD810}.Release|x86.Build.0 = Release|Any CPU
		{8364BF22-7779-49C0-BD60-36BEEDFDCA16}.Debug|Any CPU.ActiveCfg = Debug|Any CPU
		{8364BF22-7779-49C0-BD60-36BEEDFDCA16}.Debug|Any CPU.Build.0 = Debug|Any CPU
		{8364BF22-7779-49C0-BD60-36BEEDFDCA16}.Debug|x64.ActiveCfg = Debug|Any CPU
		{8364BF22-7779-49C0-BD60-36BEEDFDCA16}.Debug|x64.Build.0 = Debug|Any CPU
		{8364BF22-7779-49C0-BD60-36BEEDFDCA16}.Debug|x86.ActiveCfg = Debug|Any CPU
		{8364BF22-7779-49C0-BD60-36BEEDFDCA16}.Debug|x86.Build.0 = Debug|Any CPU
		{8364BF22-7779-49C0-BD60-36BEEDFDCA16}.Release|Any CPU.ActiveCfg = Release|Any CPU
		{8364BF22-7779-49C0-BD60-36BEEDFDCA16}.Release|Any CPU.Build.0 = Release|Any CPU
		{8364BF22-7779-49C0-BD60-36BEEDFDCA16}.Release|x64.ActiveCfg = Release|Any CPU
		{8364BF22-7779-49C0-BD60-36BEEDFDCA16}.Release|x64.Build.0 = Release|Any CPU
		{8364BF22-7779-49C0-BD60-36BEEDFDCA16}.Release|x86.ActiveCfg = Release|Any CPU
		{8364BF22-7779-49C0-BD60-36BEEDFDCA16}.Release|x86.Build.0 = Release|Any CPU
		{7E389825-EBB9-4121-B84B-B6FFEA534983}.Debug|Any CPU.ActiveCfg = Debug|Any CPU
		{7E389825-EBB9-4121-B84B-B6FFEA534983}.Debug|Any CPU.Build.0 = Debug|Any CPU
		{7E389825-EBB9-4121-B84B-B6FFEA534983}.Debug|x64.ActiveCfg = Debug|Any CPU
		{7E389825-EBB9-4121-B84B-B6FFEA534983}.Debug|x64.Build.0 = Debug|Any CPU
		{7E389825-EBB9-4121-B84B-B6FFEA534983}.Debug|x86.ActiveCfg = Debug|Any CPU
		{7E389825-EBB9-4121-B84B-B6FFEA534983}.Debug|x86.Build.0 = Debug|Any CPU
		{7E389825-EBB9-4121-B84B-B6FFEA534983}.Release|Any CPU.ActiveCfg = Release|Any CPU
		{7E389825-EBB9-4121-B84B-B6FFEA534983}.Release|Any CPU.Build.0 = Release|Any CPU
		{7E389825-EBB9-4121-B84B-B6FFEA534983}.Release|x64.ActiveCfg = Release|Any CPU
		{7E389825-EBB9-4121-B84B-B6FFEA534983}.Release|x64.Build.0 = Release|Any CPU
		{7E389825-EBB9-4121-B84B-B6FFEA534983}.Release|x86.ActiveCfg = Release|Any CPU
		{7E389825-EBB9-4121-B84B-B6FFEA534983}.Release|x86.Build.0 = Release|Any CPU
		{32CAFA33-4BD2-4891-BD26-0327953C0C9A}.Debug|Any CPU.ActiveCfg = Debug|x86
		{32CAFA33-4BD2-4891-BD26-0327953C0C9A}.Debug|Any CPU.Build.0 = Debug|x86
		{32CAFA33-4BD2-4891-BD26-0327953C0C9A}.Debug|x64.ActiveCfg = Debug|x64
		{32CAFA33-4BD2-4891-BD26-0327953C0C9A}.Debug|x64.Build.0 = Debug|x64
		{32CAFA33-4BD2-4891-BD26-0327953C0C9A}.Debug|x86.ActiveCfg = Debug|x86
		{32CAFA33-4BD2-4891-BD26-0327953C0C9A}.Debug|x86.Build.0 = Debug|x86
		{32CAFA33-4BD2-4891-BD26-0327953C0C9A}.Release|Any CPU.ActiveCfg = Release|x86
		{32CAFA33-4BD2-4891-BD26-0327953C0C9A}.Release|Any CPU.Build.0 = Release|x86
		{32CAFA33-4BD2-4891-BD26-0327953C0C9A}.Release|x64.ActiveCfg = Release|x64
		{32CAFA33-4BD2-4891-BD26-0327953C0C9A}.Release|x64.Build.0 = Release|x64
		{32CAFA33-4BD2-4891-BD26-0327953C0C9A}.Release|x86.ActiveCfg = Release|x86
		{32CAFA33-4BD2-4891-BD26-0327953C0C9A}.Release|x86.Build.0 = Release|x86
	EndGlobalSection
	GlobalSection(SolutionProperties) = preSolution
		HideSolutionNode = FALSE
	EndGlobalSection
EndGlobal
